
Microsoft Visual Studio Solution File, Format Version 12.00
# Visual Studio Version 17
VisualStudioVersion = 17.3.32811.315
MinimumVisualStudioVersion = 10.0.40219.1
Project("{FAE04EC0-301F-11D3-BF4B-00C04F79EFBC}") = "A1_Ticketing_System_Moldenauer", "A1_Ticketing_System_Moldenauer\A1_Ticketing_System_Moldenauer.csproj", "{DB1B213A-006A-428E-B4FD-68DFE57C774C}"
EndProject
Global
	GlobalSection(SolutionConfigurationPlatforms) = preSolution
		Debug|Any CPU = Debug|Any CPU
		Release|Any CPU = Release|Any CPU
	EndGlobalSection
	GlobalSection(ProjectConfigurationPlatforms) = postSolution
		{DB1B213A-006A-428E-B4FD-68DFE57C774C}.Debug|Any CPU.ActiveCfg = Debug|Any CPU
		{DB1B213A-006A-428E-B4FD-68DFE57C774C}.Debug|Any CPU.Build.0 = Debug|Any CPU
		{DB1B213A-006A-428E-B4FD-68DFE57C774C}.Release|Any CPU.ActiveCfg = Release|Any CPU
		{DB1B213A-006A-428E-B4FD-68DFE57C774C}.Release|Any CPU.Build.0 = Release|Any CPU
	EndGlobalSection
	GlobalSection(SolutionProperties) = preSolution
		HideSolutionNode = FALSE
	EndGlobalSection
	GlobalSection(ExtensibilityGlobals) = postSolution
		SolutionGuid = {92BD90C7-6B86-4C73-8C4B-53D94AE04F1C}
	EndGlobalSection
EndGlobal
